
Microsoft Visual Studio Solution File, Format Version 12.00
# Visual Studio Version 16
VisualStudioVersion = 16.0.30503.244
MinimumVisualStudioVersion = 10.0.40219.1
Project("{FAE04EC0-301F-11D3-BF4B-00C04F79EFBC}") = "Northwind", "Northwind\Northwind.csproj", "{A49ED56E-573A-4D07-B53B-CF4DADEE32F3}"
EndProject
Project("{FAE04EC0-301F-11D3-BF4B-00C04F79EFBC}") = "NorthwindAPI", "NorthwindAPI\NorthwindAPI.csproj", "{0A3F15E8-C712-425F-AEBD-0A0518C82A62}"
EndProject
Global
	GlobalSection(SolutionConfigurationPlatforms) = preSolution
		Debug|Any CPU = Debug|Any CPU
		Release|Any CPU = Release|Any CPU
	EndGlobalSection
	GlobalSection(ProjectConfigurationPlatforms) = postSolution
		{A49ED56E-573A-4D07-B53B-CF4DADEE32F3}.Debug|Any CPU.ActiveCfg = Debug|Any CPU
		{A49ED56E-573A-4D07-B53B-CF4DADEE32F3}.Debug|Any CPU.Build.0 = Debug|Any CPU
		{A49ED56E-573A-4D07-B53B-CF4DADEE32F3}.Release|Any CPU.ActiveCfg = Release|Any CPU
		{A49ED56E-573A-4D07-B53B-CF4DADEE32F3}.Release|Any CPU.Build.0 = Release|Any CPU
		{0A3F15E8-C712-425F-AEBD-0A0518C82A62}.Debug|Any CPU.ActiveCfg = Debug|Any CPU
		{0A3F15E8-C712-425F-AEBD-0A0518C82A62}.Debug|Any CPU.Build.0 = Debug|Any CPU
		{0A3F15E8-C712-425F-AEBD-0A0518C82A62}.Release|Any CPU.ActiveCfg = Release|Any CPU
		{0A3F15E8-C712-425F-AEBD-0A0518C82A62}.Release|Any CPU.Build.0 = Release|Any CPU
	EndGlobalSection
	GlobalSection(SolutionProperties) = preSolution
		HideSolutionNode = FALSE
	EndGlobalSection
	GlobalSection(ExtensibilityGlobals) = postSolution
		SolutionGuid = {CF07A240-F11F-4FAB-B76E-059699E16042}
	EndGlobalSection
EndGlobal
